// !$*UTF8*$!
{
	archiveVersion = 1;
	classes = {
	};
	objectVersion = 56;
	objects = {

/* Begin PBXBuildFile section */
		A00100000000000000000001 /* IntentResourceDemoApp.swift in Sources */ = {isa = PBXBuildFile; fileRef = A00200000000000000000001 /* IntentResourceDemoApp.swift */; };
		A00100000000000000000002 /* ModelStore.swift in Sources */ = {isa = PBXBuildFile; fileRef = A00200000000000000000002 /* ModelStore.swift */; };
		A00100000000000000000003 /* DemoViewModel.swift in Sources */ = {isa = PBXBuildFile; fileRef = A00200000000000000000003 /* DemoViewModel.swift */; };
		A00100000000000000000004 /* DemoError.swift in Sources */ = {isa = PBXBuildFile; fileRef = A00200000000000000000004 /* DemoError.swift */; };
		A00100000000000000000005 /* PerformanceMonitor.swift in Sources */ = {isa = PBXBuildFile; fileRef = A00200000000000000000005 /* PerformanceMonitor.swift */; };
		A00100000000000000000006 /* LinearClassifier.swift in Sources */ = {isa = PBXBuildFile; fileRef = A00200000000000000000006 /* LinearClassifier.swift */; };
		A00100000000000000000007 /* FeatureExtractor.swift in Sources */ = {isa = PBXBuildFile; fileRef = A00200000000000000000007 /* FeatureExtractor.swift */; };
		A00100000000000000000008 /* SlotNormalizer.swift in Sources */ = {isa = PBXBuildFile; fileRef = A00200000000000000000008 /* SlotNormalizer.swift */; };
		A00100000000000000000009 /* TinyIntentSlotModel.swift in Sources */ = {isa = PBXBuildFile; fileRef = A00200000000000000000009 /* TinyIntentSlotModel.swift */; };
		A0010000000000000000000A /* ResourceModels.swift in Sources */ = {isa = PBXBuildFile; fileRef = A0020000000000000000000A /* ResourceModels.swift */; };
		A0010000000000000000000B /* ContactResourceModule.swift in Sources */ = {isa = PBXBuildFile; fileRef = A0020000000000000000000B /* ContactResourceModule.swift */; };
		A0010000000000000000000C /* FileFolderResourceModule.swift in Sources */ = {isa = PBXBuildFile; fileRef = A0020000000000000000000C /* FileFolderResourceModule.swift */; };
		A0010000000000000000000D /* MediaResourceModule.swift in Sources */ = {isa = PBXBuildFile; fileRef = A0020000000000000000000D /* MediaResourceModule.swift */; };
		A0010000000000000000000E /* ResourceSearchService.swift in Sources */ = {isa = PBXBuildFile; fileRef = A0020000000000000000000E /* ResourceSearchService.swift */; };
		A0010000000000000000000F /* ContentView.swift in Sources */ = {isa = PBXBuildFile; fileRef = A0020000000000000000000F /* ContentView.swift */; };
		A00100000000000000000010 /* InferenceView.swift in Sources */ = {isa = PBXBuildFile; fileRef = A00200000000000000000010 /* InferenceView.swift */; };
		A00100000000000000000011 /* ResourceResultView.swift in Sources */ = {isa = PBXBuildFile; fileRef = A00200000000000000000011 /* ResourceResultView.swift */; };
		A00100000000000000000012 /* MetricRow.swift in Sources */ = {isa = PBXBuildFile; fileRef = A00200000000000000000012 /* MetricRow.swift */; };
		A00100000000000000000013 /* tiny_intent_slot_model.json in Resources */ = {isa = PBXBuildFile; fileRef = A00200000000000000000013 /* tiny_intent_slot_model.json */; };
		A00100000000000000000014 /* sample_resource_index.json in Resources */ = {isa = PBXBuildFile; fileRef = A00200000000000000000014 /* sample_resource_index.json */; };
		A00100000000000000000015 /* SemanticImageSearchService.swift in Sources */ = {isa = PBXBuildFile; fileRef = A00200000000000000000017 /* SemanticImageSearchService.swift */; };
		A00100000000000000000016 /* CLIPTokenizer.swift in Sources */ = {isa = PBXBuildFile; fileRef = A00200000000000000000018 /* CLIPTokenizer.swift */; };
		A00100000000000000000017 /* GPT2ByteEncoder.swift in Sources */ = {isa = PBXBuildFile; fileRef = A00200000000000000000019 /* GPT2ByteEncoder.swift */; };
		A00100000000000000000018 /* Utils.swift in Sources */ = {isa = PBXBuildFile; fileRef = A0020000000000000000001A /* Utils.swift */; };
		A00100000000000000000019 /* clip-vocab.json in Resources */ = {isa = PBXBuildFile; fileRef = A0020000000000000000001B /* clip-vocab.json */; };
		A0010000000000000000001A /* clip-merges.txt in Resources */ = {isa = PBXBuildFile; fileRef = A0020000000000000000001C /* clip-merges.txt */; };
		A0010000000000000000001B /* mobileclip_s0_image.mlpackage in Sources */ = {isa = PBXBuildFile; fileRef = A0020000000000000000001D /* mobileclip_s0_image.mlpackage */; };
		A0010000000000000000001C /* mobileclip_s0_text.mlpackage in Sources */ = {isa = PBXBuildFile; fileRef = A0020000000000000000001E /* mobileclip_s0_text.mlpackage */; };
/* End PBXBuildFile section */

/* Begin PBXFileReference section */
		A00200000000000000000001 /* IntentResourceDemoApp.swift */ = {isa = PBXFileReference; lastKnownFileType = sourcecode.swift; path = IntentResourceDemoApp.swift; sourceTree = "<group>"; };
		A00200000000000000000002 /* ModelStore.swift */ = {isa = PBXFileReference; lastKnownFileType = sourcecode.swift; path = ModelStore.swift; sourceTree = "<group>"; };
		A00200000000000000000003 /* DemoViewModel.swift */ = {isa = PBXFileReference; lastKnownFileType = sourcecode.swift; path = DemoViewModel.swift; sourceTree = "<group>"; };
		A00200000000000000000004 /* DemoError.swift */ = {isa = PBXFileReference; lastKnownFileType = sourcecode.swift; path = DemoError.swift; sourceTree = "<group>"; };
		A00200000000000000000005 /* PerformanceMonitor.swift */ = {isa = PBXFileReference; lastKnownFileType = sourcecode.swift; path = PerformanceMonitor.swift; sourceTree = "<group>"; };
		A00200000000000000000006 /* LinearClassifier.swift */ = {isa = PBXFileReference; lastKnownFileType = sourcecode.swift; path = LinearClassifier.swift; sourceTree = "<group>"; };
		A00200000000000000000007 /* FeatureExtractor.swift */ = {isa = PBXFileReference; lastKnownFileType = sourcecode.swift; path = FeatureExtractor.swift; sourceTree = "<group>"; };
		A00200000000000000000008 /* SlotNormalizer.swift */ = {isa = PBXFileReference; lastKnownFileType = sourcecode.swift; path = SlotNormalizer.swift; sourceTree = "<group>"; };
		A00200000000000000000009 /* TinyIntentSlotModel.swift */ = {isa = PBXFileReference; lastKnownFileType = sourcecode.swift; path = TinyIntentSlotModel.swift; sourceTree = "<group>"; };
		A0020000000000000000000A /* ResourceModels.swift */ = {isa = PBXFileReference; lastKnownFileType = sourcecode.swift; path = ResourceModels.swift; sourceTree = "<group>"; };
		A0020000000000000000000B /* ContactResourceModule.swift */ = {isa = PBXFileReference; lastKnownFileType = sourcecode.swift; path = ContactResourceModule.swift; sourceTree = "<group>"; };
		A0020000000000000000000C /* FileFolderResourceModule.swift */ = {isa = PBXFileReference; lastKnownFileType = sourcecode.swift; path = FileFolderResourceModule.swift; sourceTree = "<group>"; };
		A0020000000000000000000D /* MediaResourceModule.swift */ = {isa = PBXFileReference; lastKnownFileType = sourcecode.swift; path = MediaResourceModule.swift; sourceTree = "<group>"; };
		A0020000000000000000000E /* ResourceSearchService.swift */ = {isa = PBXFileReference; lastKnownFileType = sourcecode.swift; path = ResourceSearchService.swift; sourceTree = "<group>"; };
		A0020000000000000000000F /* ContentView.swift */ = {isa = PBXFileReference; lastKnownFileType = sourcecode.swift; path = ContentView.swift; sourceTree = "<group>"; };
		A00200000000000000000010 /* InferenceView.swift */ = {isa = PBXFileReference; lastKnownFileType = sourcecode.swift; path = InferenceView.swift; sourceTree = "<group>"; };
		A00200000000000000000011 /* ResourceResultView.swift */ = {isa = PBXFileReference; lastKnownFileType = sourcecode.swift; path = ResourceResultView.swift; sourceTree = "<group>"; };
		A00200000000000000000012 /* MetricRow.swift */ = {isa = PBXFileReference; lastKnownFileType = sourcecode.swift; path = MetricRow.swift; sourceTree = "<group>"; };
		A00200000000000000000013 /* tiny_intent_slot_model.json */ = {isa = PBXFileReference; lastKnownFileType = text.json; path = tiny_intent_slot_model.json; sourceTree = "<group>"; };
		A00200000000000000000014 /* sample_resource_index.json */ = {isa = PBXFileReference; lastKnownFileType = text.json; path = sample_resource_index.json; sourceTree = "<group>"; };
		A00200000000000000000015 /* Info.plist */ = {isa = PBXFileReference; lastKnownFileType = text.plist.xml; path = Info.plist; sourceTree = "<group>"; };
		A00200000000000000000016 /* IntentResourceDemo.app */ = {isa = PBXFileReference; explicitFileType = wrapper.application; includeInIndex = 0; path = IntentResourceDemo.app; sourceTree = BUILT_PRODUCTS_DIR; };
		A00200000000000000000017 /* SemanticImageSearchService.swift */ = {isa = PBXFileReference; lastKnownFileType = sourcecode.swift; path = SemanticImageSearchService.swift; sourceTree = "<group>"; };
		A00200000000000000000018 /* CLIPTokenizer.swift */ = {isa = PBXFileReference; lastKnownFileType = sourcecode.swift; path = CLIPTokenizer.swift; sourceTree = "<group>"; };
		A00200000000000000000019 /* GPT2ByteEncoder.swift */ = {isa = PBXFileReference; lastKnownFileType = sourcecode.swift; path = GPT2ByteEncoder.swift; sourceTree = "<group>"; };
		A0020000000000000000001A /* Utils.swift */ = {isa = PBXFileReference; lastKnownFileType = sourcecode.swift; path = Utils.swift; sourceTree = "<group>"; };
		A0020000000000000000001B /* clip-vocab.json */ = {isa = PBXFileReference; lastKnownFileType = text.json; path = "clip-vocab.json"; sourceTree = "<group>"; };
		A0020000000000000000001C /* clip-merges.txt */ = {isa = PBXFileReference; lastKnownFileType = text; path = "clip-merges.txt"; sourceTree = "<group>"; };
		A0020000000000000000001D /* mobileclip_s0_image.mlpackage */ = {isa = PBXFileReference; lastKnownFileType = folder.mlpackage; path = mobileclip_s0_image.mlpackage; sourceTree = "<group>"; };
		A0020000000000000000001E /* mobileclip_s0_text.mlpackage */ = {isa = PBXFileReference; lastKnownFileType = folder.mlpackage; path = mobileclip_s0_text.mlpackage; sourceTree = "<group>"; };
/* End PBXFileReference section */

/* Begin PBXFrameworksBuildPhase section */
		A00300000000000000000001 /* Frameworks */ = {
			isa = PBXFrameworksBuildPhase;
			buildActionMask = 2147483647;
			files = (
			);
			runOnlyForDeploymentPostprocessing = 0;
		};
/* End PBXFrameworksBuildPhase section */

/* Begin PBXGroup section */
		A00400000000000000000001 = {
			isa = PBXGroup;
			children = (
				A00400000000000000000002 /* IntentResourceDemo */,
				A00400000000000000000008 /* Products */,
			);
			sourceTree = "<group>";
		};
		A00400000000000000000002 /* IntentResourceDemo */ = {
			isa = PBXGroup;
			children = (
				A00400000000000000000003 /* App */,
				A00400000000000000000004 /* NLP */,
				A00400000000000000000005 /* ResourceModules */,
				A00400000000000000000006 /* Views */,
				A00400000000000000000007 /* Resources */,
				A00400000000000000000009 /* Support */,
			);
			path = IntentResourceDemo;
			sourceTree = "<group>";
		};
		A00400000000000000000003 /* App */ = {
			isa = PBXGroup;
			children = (
				A00200000000000000000001 /* IntentResourceDemoApp.swift */,
				A00200000000000000000002 /* ModelStore.swift */,
				A00200000000000000000003 /* DemoViewModel.swift */,
				A00200000000000000000004 /* DemoError.swift */,
				A00200000000000000000005 /* PerformanceMonitor.swift */,
			);
			path = App;
			sourceTree = "<group>";
		};
		A00400000000000000000004 /* NLP */ = {
			isa = PBXGroup;
			children = (
				A00200000000000000000006 /* LinearClassifier.swift */,
				A00200000000000000000007 /* FeatureExtractor.swift */,
				A00200000000000000000008 /* SlotNormalizer.swift */,
				A00200000000000000000009 /* TinyIntentSlotModel.swift */,
				A0040000000000000000000A /* Tokenizer */,
			);
			path = NLP;
			sourceTree = "<group>";
		};
		A00400000000000000000005 /* ResourceModules */ = {
			isa = PBXGroup;
			children = (
				A0020000000000000000000A /* ResourceModels.swift */,
				A0020000000000000000000B /* ContactResourceModule.swift */,
				A0020000000000000000000C /* FileFolderResourceModule.swift */,
				A0020000000000000000000D /* MediaResourceModule.swift */,
				A0020000000000000000000E /* ResourceSearchService.swift */,
				A00200000000000000000017 /* SemanticImageSearchService.swift */,
			);
			path = ResourceModules;
			sourceTree = "<group>";
		};
		A00400000000000000000006 /* Views */ = {
			isa = PBXGroup;
			children = (
				A0020000000000000000000F /* ContentView.swift */,
				A00200000000000000000010 /* InferenceView.swift */,
				A00200000000000000000011 /* ResourceResultView.swift */,
				A00200000000000000000012 /* MetricRow.swift */,
			);
			path = Views;
			sourceTree = "<group>";
		};
		A00400000000000000000007 /* Resources */ = {
			isa = PBXGroup;
			children = (
				A00200000000000000000013 /* tiny_intent_slot_model.json */,
				A00200000000000000000014 /* sample_resource_index.json */,
				A0020000000000000000001B /* clip-vocab.json */,
				A0020000000000000000001C /* clip-merges.txt */,
				A0040000000000000000000B /* MobileCLIP */,
			);
			path = Resources;
			sourceTree = "<group>";
		};
		A00400000000000000000008 /* Products */ = {
			isa = PBXGroup;
			children = (
				A00200000000000000000016 /* IntentResourceDemo.app */,
			);
			name = Products;
			sourceTree = "<group>";
		};
		A00400000000000000000009 /* Support */ = {
			isa = PBXGroup;
			children = (
				A00200000000000000000015 /* Info.plist */,
			);
			path = Support;
			sourceTree = "<group>";
		};
		A0040000000000000000000A /* Tokenizer */ = {
			isa = PBXGroup;
			children = (
				A00200000000000000000018 /* CLIPTokenizer.swift */,
				A00200000000000000000019 /* GPT2ByteEncoder.swift */,
				A0020000000000000000001A /* Utils.swift */,
			);
			path = Tokenizer;
			sourceTree = "<group>";
		};
		A0040000000000000000000B /* MobileCLIP */ = {
			isa = PBXGroup;
			children = (
				A0020000000000000000001D /* mobileclip_s0_image.mlpackage */,
				A0020000000000000000001E /* mobileclip_s0_text.mlpackage */,
			);
			path = MobileCLIP;
			sourceTree = "<group>";
		};
/* End PBXGroup section */

/* Begin PBXNativeTarget section */
		A00500000000000000000001 /* IntentResourceDemo */ = {
			isa = PBXNativeTarget;
			buildConfigurationList = A00A00000000000000000003 /* Build configuration list for PBXNativeTarget "IntentResourceDemo" */;
			buildPhases = (
				A00600000000000000000001 /* Sources */,
				A00300000000000000000001 /* Frameworks */,
				A00700000000000000000001 /* Resources */,
			);
			buildRules = (
			);
			dependencies = (
			);
			name = IntentResourceDemo;
			productName = IntentResourceDemo;
			productReference = A00200000000000000000016 /* IntentResourceDemo.app */;
			productType = "com.apple.product-type.application";
		};
/* End PBXNativeTarget section */

/* Begin PBXProject section */
		A00800000000000000000001 /* Project object */ = {
			isa = PBXProject;
			attributes = {
				BuildIndependentTargetsInParallel = 1;
				LastSwiftUpdateCheck = 1600;
				LastUpgradeCheck = 1600;
				TargetAttributes = {
					A00500000000000000000001 = {
						CreatedOnToolsVersion = 16.0;
					};
				};
			};
			buildConfigurationList = A00A00000000000000000001 /* Build configuration list for PBXProject "IntentResourceDemo" */;
			compatibilityVersion = "Xcode 14.0";
			developmentRegion = en;
			hasScannedForEncodings = 0;
			knownRegions = (
				en,
				Base,
				zh-Hans,
			);
			mainGroup = A00400000000000000000001;
			productRefGroup = A00400000000000000000008 /* Products */;
			projectDirPath = "";
			projectRoot = "";
			targets = (
				A00500000000000000000001 /* IntentResourceDemo */,
			);
		};
/* End PBXProject section */

/* Begin PBXResourcesBuildPhase section */
		A00700000000000000000001 /* Resources */ = {
			isa = PBXResourcesBuildPhase;
			buildActionMask = 2147483647;
			files = (
				A00100000000000000000013 /* tiny_intent_slot_model.json in Resources */,
				A00100000000000000000014 /* sample_resource_index.json in Resources */,
				A00100000000000000000019 /* clip-vocab.json in Resources */,
				A0010000000000000000001A /* clip-merges.txt in Resources */,
			);
			runOnlyForDeploymentPostprocessing = 0;
		};
/* End PBXResourcesBuildPhase section */

/* Begin PBXSourcesBuildPhase section */
		A00600000000000000000001 /* Sources */ = {
			isa = PBXSourcesBuildPhase;
			buildActionMask = 2147483647;
			files = (
				A00100000000000000000001 /* IntentResourceDemoApp.swift in Sources */,
				A00100000000000000000002 /* ModelStore.swift in Sources */,
				A00100000000000000000003 /* DemoViewModel.swift in Sources */,
				A00100000000000000000004 /* DemoError.swift in Sources */,
				A00100000000000000000005 /* PerformanceMonitor.swift in Sources */,
				A00100000000000000000006 /* LinearClassifier.swift in Sources */,
				A00100000000000000000007 /* FeatureExtractor.swift in Sources */,
				A00100000000000000000008 /* SlotNormalizer.swift in Sources */,
				A00100000000000000000009 /* TinyIntentSlotModel.swift in Sources */,
				A00100000000000000000016 /* CLIPTokenizer.swift in Sources */,
				A00100000000000000000017 /* GPT2ByteEncoder.swift in Sources */,
				A00100000000000000000018 /* Utils.swift in Sources */,
				A0010000000000000000000A /* ResourceModels.swift in Sources */,
				A0010000000000000000000B /* ContactResourceModule.swift in Sources */,
				A0010000000000000000000C /* FileFolderResourceModule.swift in Sources */,
				A0010000000000000000000D /* MediaResourceModule.swift in Sources */,
				A0010000000000000000000E /* ResourceSearchService.swift in Sources */,
				A00100000000000000000015 /* SemanticImageSearchService.swift in Sources */,
				A0010000000000000000000F /* ContentView.swift in Sources */,
				A00100000000000000000010 /* InferenceView.swift in Sources */,
				A00100000000000000000011 /* ResourceResultView.swift in Sources */,
				A00100000000000000000012 /* MetricRow.swift in Sources */,
				A0010000000000000000001B /* mobileclip_s0_image.mlpackage in Sources */,
				A0010000000000000000001C /* mobileclip_s0_text.mlpackage in Sources */,
			);
			runOnlyForDeploymentPostprocessing = 0;
		};
/* End PBXSourcesBuildPhase section */

/* Begin XCBuildConfiguration section */
		A00900000000000000000001 /* Debug */ = {
			isa = XCBuildConfiguration;
			buildSettings = {
				ALWAYS_SEARCH_USER_PATHS = NO;
				CLANG_ANALYZER_NONNULL = YES;
				CLANG_ANALYZER_NUMBER_OBJECT_CONVERSION = YES_AGGRESSIVE;
				CLANG_CXX_LANGUAGE_STANDARD = "gnu++20";
				CLANG_ENABLE_MODULES = YES;
				CLANG_ENABLE_OBJC_ARC = YES;
				CLANG_ENABLE_OBJC_WEAK = YES;
				CLANG_WARN_BLOCK_CAPTURE_AUTORELEASING = YES;
				CLANG_WARN_BOOL_CONVERSION = YES;
				CLANG_WARN_COMMA = YES;
				CLANG_WARN_CONSTANT_CONVERSION = YES;
				CLANG_WARN_DEPRECATED_OBJC_IMPLEMENTATIONS = YES;
				CLANG_WARN_DIRECT_OBJC_ISA_USAGE = YES_ERROR;
				CLANG_WARN_DOCUMENTATION_COMMENTS = YES;
				CLANG_WARN_EMPTY_BODY = YES;
				CLANG_WARN_ENUM_CONVERSION = YES;
				CLANG_WARN_INFINITE_RECURSION = YES;
				CLANG_WARN_INT_CONVERSION = YES;
				CLANG_WARN_NON_LITERAL_NULL_CONVERSION = YES;
				CLANG_WARN_OBJC_IMPLICIT_RETAIN_SELF = YES;
				CLANG_WARN_OBJC_LITERAL_CONVERSION = YES;
				CLANG_WARN_OBJC_ROOT_CLASS = YES_ERROR;
				CLANG_WARN_QUOTED_INCLUDE_IN_FRAMEWORK_HEADER = YES;
				CLANG_WARN_RANGE_LOOP_ANALYSIS = YES;
				CLANG_WARN_STRICT_PROTOTYPES = YES;
				CLANG_WARN_SUSPICIOUS_MOVE = YES;
				CLANG_WARN_UNGUARDED_AVAILABILITY = YES_AGGRESSIVE;
				CLANG_WARN_UNREACHABLE_CODE = YES;
				CLANG_WARN__DUPLICATE_METHOD_MATCH = YES;
				COPY_PHASE_STRIP = NO;
				DEBUG_INFORMATION_FORMAT = dwarf;
				ENABLE_STRICT_OBJC_MSGSEND = YES;
				ENABLE_TESTABILITY = YES;
				ENABLE_USER_SCRIPT_SANDBOXING = YES;
				GCC_C_LANGUAGE_STANDARD = gnu17;
				GCC_DYNAMIC_NO_PIC = NO;
				GCC_NO_COMMON_BLOCKS = YES;
				GCC_OPTIMIZATION_LEVEL = 0;
				GCC_PREPROCESSOR_DEFINITIONS = (
					"DEBUG=1",
					"$(inherited)",
				);
				GCC_WARN_64_TO_32_BIT_CONVERSION = YES;
				GCC_WARN_ABOUT_RETURN_TYPE = YES_ERROR;
				GCC_WARN_UNDECLARED_SELECTOR = YES;
				GCC_WARN_UNINITIALIZED_AUTOS = YES_AGGRESSIVE;
				GCC_WARN_UNUSED_FUNCTION = YES;
				GCC_WARN_UNUSED_VARIABLE = YES;
				IPHONEOS_DEPLOYMENT_TARGET = 16.0;
				MTL_ENABLE_DEBUG_INFO = INCLUDE_SOURCE;
				MTL_FAST_MATH = YES;
				ONLY_ACTIVE_ARCH = YES;
				SDKROOT = iphoneos;
				SWIFT_ACTIVE_COMPILATION_CONDITIONS = DEBUG;
				SWIFT_OPTIMIZATION_LEVEL = "-Onone";
			};
			name = Debug;
		};
		A00900000000000000000002 /* Release */ = {
			isa = XCBuildConfiguration;
			buildSettings = {
				ALWAYS_SEARCH_USER_PATHS = NO;
				CLANG_ANALYZER_NONNULL = YES;
				CLANG_ANALYZER_NUMBER_OBJECT_CONVERSION = YES_AGGRESSIVE;
				CLANG_CXX_LANGUAGE_STANDARD = "gnu++20";
				CLANG_ENABLE_MODULES = YES;
				CLANG_ENABLE_OBJC_ARC = YES;
				CLANG_ENABLE_OBJC_WEAK = YES;
				CLANG_WARN_BLOCK_CAPTURE_AUTORELEASING = YES;
				CLANG_WARN_BOOL_CONVERSION = YES;
				CLANG_WARN_COMMA = YES;
				CLANG_WARN_CONSTANT_CONVERSION = YES;
				CLANG_WARN_DEPRECATED_OBJC_IMPLEMENTATIONS = YES;
				CLANG_WARN_DIRECT_OBJC_ISA_USAGE = YES_ERROR;
				CLANG_WARN_DOCUMENTATION_COMMENTS = YES;
				CLANG_WARN_EMPTY_BODY = YES;
				CLANG_WARN_ENUM_CONVERSION = YES;
				CLANG_WARN_INFINITE_RECURSION = YES;
				CLANG_WARN_INT_CONVERSION = YES;
				CLANG_WARN_NON_LITERAL_NULL_CONVERSION = YES;
				CLANG_WARN_OBJC_IMPLICIT_RETAIN_SELF = YES;
				CLANG_WARN_OBJC_LITERAL_CONVERSION = YES;
				CLANG_WARN_OBJC_ROOT_CLASS = YES_ERROR;
				CLANG_WARN_QUOTED_INCLUDE_IN_FRAMEWORK_HEADER = YES;
				CLANG_WARN_RANGE_LOOP_ANALYSIS = YES;
				CLANG_WARN_STRICT_PROTOTYPES = YES;
				CLANG_WARN_SUSPICIOUS_MOVE = YES;
				CLANG_WARN_UNGUARDED_AVAILABILITY = YES_AGGRESSIVE;
				CLANG_WARN_UNREACHABLE_CODE = YES;
				CLANG_WARN__DUPLICATE_METHOD_MATCH = YES;
				COPY_PHASE_STRIP = NO;
				DEBUG_INFORMATION_FORMAT = "dwarf-with-dsym";
				ENABLE_NS_ASSERTIONS = NO;
				ENABLE_STRICT_OBJC_MSGSEND = YES;
				ENABLE_USER_SCRIPT_SANDBOXING = YES;
				GCC_C_LANGUAGE_STANDARD = gnu17;
				GCC_NO_COMMON_BLOCKS = YES;
				GCC_WARN_64_TO_32_BIT_CONVERSION = YES;
				GCC_WARN_ABOUT_RETURN_TYPE = YES_ERROR;
				GCC_WARN_UNDECLARED_SELECTOR = YES;
				GCC_WARN_UNINITIALIZED_AUTOS = YES_AGGRESSIVE;
				GCC_WARN_UNUSED_FUNCTION = YES;
				GCC_WARN_UNUSED_VARIABLE = YES;
				IPHONEOS_DEPLOYMENT_TARGET = 16.0;
				MTL_ENABLE_DEBUG_INFO = NO;
				MTL_FAST_MATH = YES;
				SDKROOT = iphoneos;
				SWIFT_COMPILATION_MODE = wholemodule;
				SWIFT_OPTIMIZATION_LEVEL = "-O";
				VALIDATE_PRODUCT = YES;
			};
			name = Release;
		};
		A00900000000000000000003 /* Debug */ = {
			isa = XCBuildConfiguration;
			buildSettings = {
				CODE_SIGN_STYLE = Automatic;
				CURRENT_PROJECT_VERSION = 4;
				DEVELOPMENT_TEAM = "";
				GENERATE_INFOPLIST_FILE = NO;
				INFOPLIST_FILE = IntentResourceDemo/Support/Info.plist;
				IPHONEOS_DEPLOYMENT_TARGET = 16.0;
				LD_RUNPATH_SEARCH_PATHS = (
					"$(inherited)",
					"@executable_path/Frameworks",
				);
				MARKETING_VERSION = 1.3;
				PRODUCT_BUNDLE_IDENTIFIER = com.local.IntentResourceDemo;
				PRODUCT_NAME = "$(TARGET_NAME)";
				SWIFT_EMIT_LOC_STRINGS = YES;
				SWIFT_VERSION = 5.0;
				TARGETED_DEVICE_FAMILY = "1";
			};
			name = Debug;
		};
		A00900000000000000000004 /* Release */ = {
			isa = XCBuildConfiguration;
			buildSettings = {
				CODE_SIGN_STYLE = Automatic;
				CURRENT_PROJECT_VERSION = 4;
				DEVELOPMENT_TEAM = "";
				GENERATE_INFOPLIST_FILE = NO;
				INFOPLIST_FILE = IntentResourceDemo/Support/Info.plist;
				IPHONEOS_DEPLOYMENT_TARGET = 16.0;
				LD_RUNPATH_SEARCH_PATHS = (
					"$(inherited)",
					"@executable_path/Frameworks",
				);
				MARKETING_VERSION = 1.3;
				PRODUCT_BUNDLE_IDENTIFIER = com.local.IntentResourceDemo;
				PRODUCT_NAME = "$(TARGET_NAME)";
				SWIFT_EMIT_LOC_STRINGS = YES;
				SWIFT_VERSION = 5.0;
				TARGETED_DEVICE_FAMILY = "1";
			};
			name = Release;
		};
/* End XCBuildConfiguration section */

/* Begin XCConfigurationList section */
		A00A00000000000000000001 /* Build configuration list for PBXProject "IntentResourceDemo" */ = {
			isa = XCConfigurationList;
			buildConfigurations = (
				A00900000000000000000001 /* Debug */,
				A00900000000000000000002 /* Release */,
			);
			defaultConfigurationIsVisible = 0;
			defaultConfigurationName = Release;
		};
		A00A00000000000000000003 /* Build configuration list for PBXNativeTarget "IntentResourceDemo" */ = {
			isa = XCConfigurationList;
			buildConfigurations = (
				A00900000000000000000003 /* Debug */,
				A00900000000000000000004 /* Release */,
			);
			defaultConfigurationIsVisible = 0;
			defaultConfigurationName = Release;
		};
/* End XCConfigurationList section */
	};
	rootObject = A00800000000000000000001 /* Project object */;
}
